Microsoft Visual Studio Solution File, Format Version 12.00
# Visual Studio Version 17
VisualStudioVersion = 17.13.35931.197
MinimumVisualStudioVersion = 10.0.40219.1
Project("{FAE04EC0-301F-11D3-BF4B-00C04F79EFBC}") = "ConsoleApp1", "ConsoleApp1.csproj", "{E404FED1-E92A-4401-B3E4-A1607A614699}"
EndProject
Global
	GlobalSection(SolutionConfigurationPlatforms) = preSolution
		Debug|Any CPU = Debug|Any CPU
		Release|Any CPU = Release|Any CPU
	EndGlobalSection
	GlobalSection(ProjectConfigurationPlatforms) = postSolution
		{E404FED1-E92A-4401-B3E4-A1607A614699}.Debug|Any CPU.ActiveCfg = Debug|Any CPU
		{E404FED1-E92A-4401-B3E4-A1607A614699}.Debug|Any CPU.Build.0 = Debug|Any CPU
		{E404FED1-E92A-4401-B3E4-A1607A614699}.Release|Any CPU.ActiveCfg = Release|Any CPU
		{E404FED1-E92A-4401-B3E4-A1607A614699}.Release|Any CPU.Build.0 = Release|Any CPU
	EndGlobalSection
	GlobalSection(SolutionProperties) = preSolution
		HideSolutionNode = FALSE
	EndGlobalSection
	GlobalSection(ExtensibilityGlobals) = postSolution
		SolutionGuid = {D4367849-65D5-42FE-838F-5C331F963CA4}
	EndGlobalSection
EndGlobal
